
Microsoft Visual Studio Solution File, Format Version 12.00
# Visual Studio Version 17
VisualStudioVersion = 17.3.32804.467
MinimumVisualStudioVersion = 10.0.40219.1
Project("{FAE04EC0-301F-11D3-BF4B-00C04F79EFBC}") = "MyFirstWebApplication", "MyFirstWebApplication\MyFirstWebApplication.csproj", "{70E16BFA-BE91-4F8A-9D18-85CF23D1DB70}"
EndProject
Global
	GlobalSection(SolutionConfigurationPlatforms) = preSolution
		Debug|Any CPU = Debug|Any CPU
		Release|Any CPU = Release|Any CPU
	EndGlobalSection
	GlobalSection(ProjectConfigurationPlatforms) = postSolution
		{70E16BFA-BE91-4F8A-9D18-85CF23D1DB70}.Debug|Any CPU.ActiveCfg = Debug|Any CPU
		{70E16BFA-BE91-4F8A-9D18-85CF23D1DB70}.Debug|Any CPU.Build.0 = Debug|Any CPU
		{70E16BFA-BE91-4F8A-9D18-85CF23D1DB70}.Release|Any CPU.ActiveCfg = Release|Any CPU
		{70E16BFA-BE91-4F8A-9D18-85CF23D1DB70}.Release|Any CPU.Build.0 = Release|Any CPU
	EndGlobalSection
	GlobalSection(SolutionProperties) = preSolution
		HideSolutionNode = FALSE
	EndGlobalSection
	GlobalSection(ExtensibilityGlobals) = postSolution
		SolutionGuid = {64F28A80-394A-49E1-B79E-A2D880372E6B}
	EndGlobalSection
EndGlobal
